// !$*UTF8*$!
{
	archiveVersion = 1;
	classes = {
	};
	objectVersion = 46;
	objects = {

/* Begin PBXBuildFile section */
		FAB72DA81C0FAE9A00700FDC /* AppDelegate.swift in Sources */ = {isa = PBXBuildFile; fileRef = FAB72DA71C0FAE9A00700FDC /* AppDelegate.swift */; };
		FAB72DAA1C0FAE9A00700FDC /* ViewController.swift in Sources */ = {isa = PBXBuildFile; fileRef = FAB72DA91C0FAE9A00700FDC /* ViewController.swift */; };
		FAB72DAD1C0FAE9A00700FDC /* Main.storyboard in Resources */ = {isa = PBXBuildFile; fileRef = FAB72DAB1C0FAE9A00700FDC /* Main.storyboard */; };
		FAB72DAF1C0FAE9A00700FDC /* Assets.xcassets in Resources */ = {isa = PBXBuildFile; fileRef = FAB72DAE1C0FAE9A00700FDC /* Assets.xcassets */; };
		FAB72DB21C0FAE9A00700FDC /* LaunchScreen.storyboard in Resources */ = {isa = PBXBuildFile; fileRef = FAB72DB01C0FAE9A00700FDC /* LaunchScreen.storyboard */; };
		FAB72DBA1C0FCB5D00700FDC /* SettingsViewController.swift in Sources */ = {isa = PBXBuildFile; fileRef = FAB72DB91C0FCB5D00700FDC /* SettingsViewController.swift */; };
/* End PBXBuildFile section */

/* Begin PBXFileReference section */
		FAB72DA41C0FAE9A00700FDC /* Tips-calculator.app */ = {isa = PBXFileReference; explicitFileType = wrapper.application; includeInIndex = 0; path = "Tips-calculator.app"; sourceTree = BUILT_PRODUCTS_DIR; };
		FAB72DA71C0FAE9A00700FDC /* AppDelegate.swift */ = {isa = PBXFileReference; lastKnownFileType = sourcecode.swift; path = AppDelegate.swift; sourceTree = "<group>"; };
		FAB72DA91C0FAE9A00700FDC /* ViewController.swift */ = {isa = PBXFileReference; lastKnownFileType = sourcecode.swift; path = ViewController.swift; sourceTree = "<group>"; };
		FAB72DAC1C0FAE9A00700FDC /* Base */ = {isa = PBXFileReference; lastKnownFileType = file.storyboard; name = Base; path = Base.lproj/Main.storyboard; sourceTree = "<group>"; };
		FAB72DAE1C0FAE9A00700FDC /* Assets.xcassets */ = {isa = PBXFileReference; lastKnownFileType = folder.assetcatalog; path = Assets.xcassets; sourceTree = "<group>"; };
		FAB72DB11C0FAE9A00700FDC /* Base */ = {isa = PBXFileReference; lastKnownFileType = file.storyboard; name = Base; path = Base.lproj/LaunchScreen.storyboard; sourceTree = "<group>"; };
		FAB72DB31C0FAE9A00700FDC /* Info.plist */ = {isa = PBXFileReference; lastKnownFileType = text.plist.xml; path = Info.plist; sourceTree = "<group>"; };
		FAB72DB91C0FCB5D00700FDC /* SettingsViewController.swift */ = {isa = PBXFileReference; fileEncoding = 4; lastKnownFileType = sourcecode.swift; path = SettingsViewController.swift; sourceTree = "<group>"; };
/* End PBXFileReference section */

/* Begin PBXFrameworksBuildPhase section */
		FAB72DA11C0FAE9A00700FDC /* Frameworks */ = {
			isa = PBXFrameworksBuildPhase;
			buildActionMask = 2147483647;
			files = (
			);
			runOnlyForDeploymentPostprocessing = 0;
		};
/* End PBXFrameworksBuildPhase section */

/* Begin PBXGroup section */
		FAB72D9B1C0FAE9A00700FDC = {
			isa = PBXGroup;
			children = (
				FAB72DA61C0FAE9A00700FDC /* Tips-calculator */,
				FAB72DA51C0FAE9A00700FDC /* Products */,
			);
			sourceTree = "<group>";
		};
		FAB72DA51C0FAE9A00700FDC /* Products */ = {
			isa = PBXGroup;
			children = (
				FAB72DA41C0FAE9A00700FDC /* Tips-calculator.app */,
			);
			name = Products;
			sourceTree = "<group>";
		};
		FAB72DA61C0FAE9A00700FDC /* Tips-calculator */ = {
			isa = PBXGroup;
			children = (
				FAB72DA71C0FAE9A00700FDC /* AppDelegate.swift */,
				FAB72DA91C0FAE9A00700FDC /* ViewController.swift */,
				FAB72DAB1C0FAE9A00700FDC /* Main.storyboard */,
				FAB72DB91C0FCB5D00700FDC /* SettingsViewController.swift */,
				FAB72DAE1C0FAE9A00700FDC /* Assets.xcassets */,
				FAB72DB01C0FAE9A00700FDC /* LaunchScreen.storyboard */,
				FAB72DB31C0FAE9A00700FDC /* Info.plist */,
			);
			path = "Tips-calculator";
			sourceTree = "<group>";
		};
/* End PBXGroup section */

/* Begin PBXNativeTarget section */
		FAB72DA31C0FAE9A00700FDC /* Tips-calculator */ = {
			isa = PBXNativeTarget;
			buildConfigurationList = FAB72DB61C0FAE9A00700FDC /* Build configuration list for PBXNativeTarget "Tips-calculator" */;
			buildPhases = (
				FAB72DA01C0FAE9A00700FDC /* Sources */,
				FAB72DA11C0FAE9A00700FDC /* Frameworks */,
				FAB72DA21C0FAE9A00700FDC /* Resources */,
			);
			buildRules = (
			);
			dependencies = (
			);
			name = "Tips-calculator";
			productName = "Tips-calculator";
			productReference = FAB72DA41C0FAE9A00700FDC /* Tips-calculator.app */;
			productType = "com.apple.product-type.application";
		};
/* End PBXNativeTarget section */

/* Begin PBXProject section */
		FAB72D9C1C0FAE9A00700FDC /* Project object */ = {
			isa = PBXProject;
			attributes = {
				LastSwiftUpdateCheck = 0710;
				LastUpgradeCheck = 0710;
				ORGANIZATIONNAME = vkotckov;
				TargetAttributes = {
					FAB72DA31C0FAE9A00700FDC = {
						CreatedOnToolsVersion = 7.1;
					};
				};
			};
			buildConfigurationList = FAB72D9F1C0FAE9A00700FDC /* Build configuration list for PBXProject "Tips-calculator" */;
			compatibilityVersion = "Xcode 3.2";
			developmentRegion = English;
			hasScannedForEncodings = 0;
			knownRegions = (
				en,
				Base,
			);
			mainGroup = FAB72D9B1C0FAE9A00700FDC;
			productRefGroup = FAB72DA51C0FAE9A00700FDC /* Products */;
			projectDirPath = "";
			projectRoot = "";
			targets = (
				FAB72DA31C0FAE9A00700FDC /* Tips-calculator */,
			);
		};
/* End PBXProject section */

/* Begin PBXResourcesBuildPhase section */
		FAB72DA21C0FAE9A00700FDC /* Resources */ = {
			isa = PBXResourcesBuildPhase;
			buildActionMask = 2147483647;
			files = (
				FAB72DB21C0FAE9A00700FDC /* LaunchScreen.storyboard in Resources */,
				FAB72DAF1C0FAE9A00700FDC /* Assets.xcassets in Resources */,
				FAB72DAD1C0FAE9A00700FDC /* Main.storyboard in Resources */,
			);
			runOnlyForDeploymentPostprocessing = 0;
		};
/* End PBXResourcesBuildPhase section */

/* Begin PBXSourcesBuildPhase section */
		FAB72DA01C0FAE9A00700FDC /* Sources */ = {
			isa = PBXSourcesBuildPhase;
			buildActionMask = 2147483647;
			files = (
				FAB72DAA1C0FAE9A00700FDC /* ViewController.swift in Sources */,
				FAB72DA81C0FAE9A00700FDC /* AppDelegate.swift in Sources */,
				FAB72DBA1C0FCB5D00700FDC /* SettingsViewController.swift in Sources */,
			);
			runOnlyForDeploymentPostprocessing = 0;
		};
/* End PBXSourcesBuildPhase section */

/* Begin PBXVariantGroup section */
		FAB72DAB1C0FAE9A00700FDC /* Main.storyboard */ = {
			isa = PBXVariantGroup;
			children = (
				FAB72DAC1C0FAE9A00700FDC /* Base */,
			);
			name = Main.storyboard;
			sourceTree = "<group>";
		};
		FAB72DB01C0FAE9A00700FDC /* LaunchScreen.storyboard */ = {
			isa = PBXVariantGroup;
			children = (
				FAB72DB11C0FAE9A00700FDC /* Base */,
			);
			name = LaunchScreen.storyboard;
			sourceTree = "<group>";
		};
/* End PBXVariantGroup section */

/* Begin XCBuildConfiguration section */
		FAB72DB41C0FAE9A00700FDC /* Debug */ = {
			isa = XCBuildConfiguration;
			buildSettings = {
				ALWAYS_SEARCH_USER_PATHS = NO;
				CLANG_CXX_LANGUAGE_STANDARD = "gnu++0x";
				CLANG_CXX_LIBRARY = "libc++";
				CLANG_ENABLE_MODULES = YES;
				CLANG_ENABLE_OBJC_ARC = YES;
				CLANG_WARN_BOOL_CONVERSION = YES;
				CLANG_WARN_CONSTANT_CONVERSION = YES;
				CLANG_WARN_DIRECT_OBJC_ISA_USAGE = YES_ERROR;
				CLANG_WARN_EMPTY_BODY = YES;
				CLANG_WARN_ENUM_CONVERSION = YES;
				CLANG_WARN_INT_CONVERSION = YES;
				CLANG_WARN_OBJC_ROOT_CLASS = YES_ERROR;
				CLANG_WARN_UNREACHABLE_CODE = YES;
				CLANG_WARN__DUPLICATE_METHOD_MATCH = YES;
				"CODE_SIGN_IDENTITY[sdk=iphoneos*]" = "iPhone Developer";
				COPY_PHASE_STRIP = NO;
				DEBUG_INFORMATION_FORMAT = dwarf;
				ENABLE_STRICT_OBJC_MSGSEND = YES;
				ENABLE_TESTABILITY = YES;
				GCC_C_LANGUAGE_STANDARD = gnu99;
				GCC_DYNAMIC_NO_PIC = NO;
				GCC_NO_COMMON_BLOCKS = YES;
				GCC_OPTIMIZATION_LEVEL = 0;
				GCC_PREPROCESSOR_DEFINITIONS = (
					"DEBUG=1",
					"$(inherited)",
				);
				GCC_WARN_64_TO_32_BIT_CONVERSION = YES;
				GCC_WARN_ABOUT_RETURN_TYPE = YES_ERROR;
				GCC_WARN_UNDECLARED_SELECTOR = YES;
				GCC_WARN_UNINITIALIZED_AUTOS = YES_AGGRESSIVE;
				GCC_WARN_UNUSED_FUNCTION = YES;
				GCC_WARN_UNUSED_VARIABLE = YES;
				IPHONEOS_DEPLOYMENT_TARGET = 9.1;
				MTL_ENABLE_DEBUG_INFO = YES;
				ONLY_ACTIVE_ARCH = YES;
				SDKROOT = iphoneos;
				SWIFT_OPTIMIZATION_LEVEL = "-Onone";
			};
			name = Debug;
		};
		FAB72DB51C0FAE9A00700FDC /* Release */ = {
			isa = XCBuildConfiguration;
			buildSettings = {
				ALWAYS_SEARCH_USER_PATHS = NO;
				CLANG_CXX_LANGUAGE_STANDARD = "gnu++0x";
				CLANG_CXX_LIBRARY = "libc++";
				CLANG_ENABLE_MODULES = YES;
				CLANG_ENABLE_OBJC_ARC = YES;
				CLANG_WARN_BOOL_CONVERSION = YES;
				CLANG_WARN_CONSTANT_CONVERSION = YES;
				CLANG_WARN_DIRECT_OBJC_ISA_USAGE = YES_ERROR;
				CLANG_WARN_EMPTY_BODY = YES;
				CLANG_WARN_ENUM_CONVERSION = YES;
				CLANG_WARN_INT_CONVERSION = YES;
				CLANG_WARN_OBJC_ROOT_CLASS = YES_ERROR;
				CLANG_WARN_UNREACHABLE_CODE = YES;
				CLANG_WARN__DUPLICATE_METHOD_MATCH = YES;
				"CODE_SIGN_IDENTITY[sdk=iphoneos*]" = "iPhone Developer";
				COPY_PHASE_STRIP = NO;
				DEBUG_INFORMATION_FORMAT = "dwarf-with-dsym";
				ENABLE_NS_ASSERTIONS = NO;
				ENABLE_STRICT_OBJC_MSGSEND = YES;
				GCC_C_LANGUAGE_STANDARD = gnu99;
				GCC_NO_COMMON_BLOCKS = YES;
				GCC_WARN_64_TO_32_BIT_CONVERSION = YES;
				GCC_WARN_ABOUT_RETURN_TYPE = YES_ERROR;
				GCC_WARN_UNDECLARED_SELECTOR = YES;
				GCC_WARN_UNINITIALIZED_AUTOS = YES_AGGRESSIVE;
				GCC_WARN_UNUSED_FUNCTION = YES;
				GCC_WARN_UNUSED_VARIABLE = YES;
				IPHONEOS_DEPLOYMENT_TARGET = 9.1;
				MTL_ENABLE_DEBUG_INFO = NO;
				SDKROOT = iphoneos;
				VALIDATE_PRODUCT = YES;
			};
			name = Release;
		};
		FAB72DB71C0FAE9A00700FDC /* Debug */ = {
			isa = XCBuildConfiguration;
			buildSettings = {
				ASSETCATALOG_COMPILER_APPICON_NAME = AppIcon;
				INFOPLIST_FILE = "Tips-calculator/Info.plist";
				IPHONEOS_DEPLOYMENT_TARGET = 7.0;
				LD_RUNPATH_SEARCH_PATHS = "$(inherited) @executable_path/Frameworks";
				PRODUCT_BUNDLE_IDENTIFIER = "codepath.Tips-calculator";
				PRODUCT_NAME = "$(TARGET_NAME)";
			};
			name = Debug;
		};
		FAB72DB81C0FAE9A00700FDC /* Release */ = {
			isa = XCBuildConfiguration;
			buildSettings = {
				ASSETCATALOG_COMPILER_APPICON_NAME = AppIcon;
				INFOPLIST_FILE = "Tips-calculator/Info.plist";
				IPHONEOS_DEPLOYMENT_TARGET = 7.0;
				LD_RUNPATH_SEARCH_PATHS = "$(inherited) @executable_path/Frameworks";
				PRODUCT_BUNDLE_IDENTIFIER = "codepath.Tips-calculator";
				PRODUCT_NAME = "$(TARGET_NAME)";
			};
			name = Release;
		};
/* End XCBuildConfiguration section */

/* Begin XCConfigurationList section */
		FAB72D9F1C0FAE9A00700FDC /* Build configuration list for PBXProject "Tips-calculator" */ = {
			isa = XCConfigurationList;
			buildConfigurations = (
				FAB72DB41C0FAE9A00700FDC /* Debug */,
				FAB72DB51C0FAE9A00700FDC /* Release */,
			);
			defaultConfigurationIsVisible = 0;
			defaultConfigurationName = Release;
		};
		FAB72DB61C0FAE9A00700FDC /* Build configuration list for PBXNativeTarget "Tips-calculator" */ = {
			isa = XCConfigurationList;
			buildConfigurations = (
				FAB72DB71C0FAE9A00700FDC /* Debug */,
				FAB72DB81C0FAE9A00700FDC /* Release */,
			);
			defaultConfigurationIsVisible = 0;
			defaultConfigurationName = Release;
		};
/* End XCConfigurationList section */
	};
	rootObject = FAB72D9C1C0FAE9A00700FDC /* Project object */;
}
